
Microsoft Visual Studio Solution File, Format Version 12.00
# Visual Studio Version 17
VisualStudioVersion = 17.10.35027.167
MinimumVisualStudioVersion = 10.0.40219.1
Project("{9A19103F-16F7-4668-BE54-9A1E7A4F7556}") = "BooksManager", "BooksManager\BooksManager.csproj", "{F47FAB17-06B6-41D3-8518-327E898B0EA5}"
EndProject
Global
	GlobalSection(SolutionConfigurationPlatforms) = preSolution
		Debug|Any CPU = Debug|Any CPU
		Release|Any CPU = Release|Any CPU
	EndGlobalSection
	GlobalSection(ProjectConfigurationPlatforms) = postSolution
		{F47FAB17-06B6-41D3-8518-327E898B0EA5}.Debug|Any CPU.ActiveCfg = Debug|Any CPU
		{F47FAB17-06B6-41D3-8518-327E898B0EA5}.Debug|Any CPU.Build.0 = Debug|Any CPU
		{F47FAB17-06B6-41D3-8518-327E898B0EA5}.Release|Any CPU.ActiveCfg = Release|Any CPU
		{F47FAB17-06B6-41D3-8518-327E898B0EA5}.Release|Any CPU.Build.0 = Release|Any CPU
	EndGlobalSection
	GlobalSection(SolutionProperties) = preSolution
		HideSolutionNode = FALSE
	EndGlobalSection
	GlobalSection(ExtensibilityGlobals) = postSolution
		SolutionGuid = {8CB1A92B-1599-431E-8B05-4840FAA33C02}
	EndGlobalSection
EndGlobal
